
Microsoft Visual Studio Solution File, Format Version 12.00
# Visual Studio Version 17
VisualStudioVersion = 17.9.34728.123
MinimumVisualStudioVersion = 10.0.40219.1
Project("{FAE04EC0-301F-11D3-BF4B-00C04F79EFBC}") = "APPHDotNetCore.ConsoleApp", "APPHDotNetCore.ConsoleApp\APPHDotNetCore.ConsoleApp.csproj", "{ECE1C9AA-1D9E-45B9-A767-1C9607E4CC0B}"
EndProject
Project("{2150E333-8FDC-42A3-9474-1A3956D46DE8}") = "Documents", "Documents", "{DAC556E8-6C61-4EB1-B971-F28C2CFF7D32}"
	ProjectSection(SolutionItems) = preProject
		README.md = README.md
	EndProjectSection
EndProject
Global
	GlobalSection(SolutionConfigurationPlatforms) = preSolution
		Debug|Any CPU = Debug|Any CPU
		Release|Any CPU = Release|Any CPU
	EndGlobalSection
	GlobalSection(ProjectConfigurationPlatforms) = postSolution
		{ECE1C9AA-1D9E-45B9-A767-1C9607E4CC0B}.Debug|Any CPU.ActiveCfg = Debug|Any CPU
		{ECE1C9AA-1D9E-45B9-A767-1C9607E4CC0B}.Debug|Any CPU.Build.0 = Debug|Any CPU
		{ECE1C9AA-1D9E-45B9-A767-1C9607E4CC0B}.Release|Any CPU.ActiveCfg = Release|Any CPU
		{ECE1C9AA-1D9E-45B9-A767-1C9607E4CC0B}.Release|Any CPU.Build.0 = Release|Any CPU
	EndGlobalSection
	GlobalSection(SolutionProperties) = preSolution
		HideSolutionNode = FALSE
	EndGlobalSection
	GlobalSection(ExtensibilityGlobals) = postSolution
		SolutionGuid = {BF3A31BE-4375-477B-9652-C6839C1EF8AE}
	EndGlobalSection
EndGlobal
